
Microsoft Visual Studio Solution File, Format Version 12.00
# Visual Studio Version 16
VisualStudioVersion = 16.0.31624.102
MinimumVisualStudioVersion = 10.0.40219.1
Project("{9A19103F-16F7-4668-BE54-9A1E7A4F7556}") = "RedTenAngularTests", "RedTenAngularTests.csproj", "{AEAFE207-FAFC-4DA6-AA49-6C1B27173236}"
EndProject
Global
	GlobalSection(SolutionConfigurationPlatforms) = preSolution
		Debug|Any CPU = Debug|Any CPU
		Release|Any CPU = Release|Any CPU
	EndGlobalSection
	GlobalSection(ProjectConfigurationPlatforms) = postSolution
		{AEAFE207-FAFC-4DA6-AA49-6C1B27173236}.Debug|Any CPU.ActiveCfg = Debug|Any CPU
		{AEAFE207-FAFC-4DA6-AA49-6C1B27173236}.Debug|Any CPU.Build.0 = Debug|Any CPU
		{AEAFE207-FAFC-4DA6-AA49-6C1B27173236}.Release|Any CPU.ActiveCfg = Release|Any CPU
		{AEAFE207-FAFC-4DA6-AA49-6C1B27173236}.Release|Any CPU.Build.0 = Release|Any CPU
	EndGlobalSection
	GlobalSection(SolutionProperties) = preSolution
		HideSolutionNode = FALSE
	EndGlobalSection
	GlobalSection(ExtensibilityGlobals) = postSolution
		SolutionGuid = {210A50D1-FFCA-4F95-94D8-58B6F3A14A43}
	EndGlobalSection
EndGlobal
